
Microsoft Visual Studio Solution File, Format Version 12.00
# Visual Studio Version 16
VisualStudioVersion = 16.0.31624.102
MinimumVisualStudioVersion = 10.0.40219.1
Project("{9A19103F-16F7-4668-BE54-9A1E7A4F7556}") = "MathMajorApi", "MathMajorApi\MathMajorApi.csproj", "{C694C5B1-7B64-46A7-9987-CD4552385DD1}"
EndProject
Project("{FAE04EC0-301F-11D3-BF4B-00C04F79EFBC}") = "MathMajorApi.Domain", "MathMajorApi.Domain\MathMajorApi.Domain.csproj", "{0FCB69AF-0D39-4E49-B126-C41F50055139}"
EndProject
Project("{FAE04EC0-301F-11D3-BF4B-00C04F79EFBC}") = "MathMajorApi.Service", "MathMajorApi.Service\MathMajorApi.Service.csproj", "{941C3FD1-560F-4D42-8B70-600D57A77A2C}"
EndProject
Global
	GlobalSection(SolutionConfigurationPlatforms) = preSolution
		Debug|Any CPU = Debug|Any CPU
		Release|Any CPU = Release|Any CPU
	EndGlobalSection
	GlobalSection(ProjectConfigurationPlatforms) = postSolution
		{C694C5B1-7B64-46A7-9987-CD4552385DD1}.Debug|Any CPU.ActiveCfg = Debug|Any CPU
		{C694C5B1-7B64-46A7-9987-CD4552385DD1}.Debug|Any CPU.Build.0 = Debug|Any CPU
		{C694C5B1-7B64-46A7-9987-CD4552385DD1}.Release|Any CPU.ActiveCfg = Release|Any CPU
		{C694C5B1-7B64-46A7-9987-CD4552385DD1}.Release|Any CPU.Build.0 = Release|Any CPU
		{0FCB69AF-0D39-4E49-B126-C41F50055139}.Debug|Any CPU.ActiveCfg = Debug|Any CPU
		{0FCB69AF-0D39-4E49-B126-C41F50055139}.Debug|Any CPU.Build.0 = Debug|Any CPU
		{0FCB69AF-0D39-4E49-B126-C41F50055139}.Release|Any CPU.ActiveCfg = Release|Any CPU
		{0FCB69AF-0D39-4E49-B126-C41F50055139}.Release|Any CPU.Build.0 = Release|Any CPU
		{941C3FD1-560F-4D42-8B70-600D57A77A2C}.Debug|Any CPU.ActiveCfg = Debug|Any CPU
		{941C3FD1-560F-4D42-8B70-600D57A77A2C}.Debug|Any CPU.Build.0 = Debug|Any CPU
		{941C3FD1-560F-4D42-8B70-600D57A77A2C}.Release|Any CPU.ActiveCfg = Release|Any CPU
		{941C3FD1-560F-4D42-8B70-600D57A77A2C}.Release|Any CPU.Build.0 = Release|Any CPU
	EndGlobalSection
	GlobalSection(SolutionProperties) = preSolution
		HideSolutionNode = FALSE
	EndGlobalSection
	GlobalSection(ExtensibilityGlobals) = postSolution
		SolutionGuid = {6351792C-E0B9-4028-BC24-6D05B1B40C96}
	EndGlobalSection
EndGlobal
